Microsoft Visual Studio Solution File, Format Version 11.00
# Visual Studio 2010
Project("{FAE04EC0-301F-11D3-BF4B-00C04F79EFBC}") = "Assembly-CSharp", "Assembly-CSharp.csproj", "{93D8447A-BD8E-92AD-C658-15923B3B2927}"
EndProject
Project("{FAE04EC0-301F-11D3-BF4B-00C04F79EFBC}") = "Assembly-CSharp-Editor", "Assembly-CSharp-Editor.csproj", "{AD18FD9D-FC77-4B80-3DB4-E3AAF57A66C4}"
EndProject
Global
	GlobalSection(SolutionConfigurationPlatforms) = preSolution
		Debug|Any CPU = Debug|Any CPU
		Release|Any CPU = Release|Any CPU
	EndGlobalSection
	GlobalSection(ProjectConfigurationPlatforms) = postSolution
		{93D8447A-BD8E-92AD-C658-15923B3B2927}.Debug|Any CPU.ActiveCfg = Debug|Any CPU
		{93D8447A-BD8E-92AD-C658-15923B3B2927}.Debug|Any CPU.Build.0 = Debug|Any CPU
		{93D8447A-BD8E-92AD-C658-15923B3B2927}.Release|Any CPU.ActiveCfg = Release|Any CPU
		{93D8447A-BD8E-92AD-C658-15923B3B2927}.Release|Any CPU.Build.0 = Release|Any CPU
		{AD18FD9D-FC77-4B80-3DB4-E3AAF57A66C4}.Debug|Any CPU.ActiveCfg = Debug|Any CPU
		{AD18FD9D-FC77-4B80-3DB4-E3AAF57A66C4}.Debug|Any CPU.Build.0 = Debug|Any CPU
		{AD18FD9D-FC77-4B80-3DB4-E3AAF57A66C4}.Release|Any CPU.ActiveCfg = Release|Any CPU
		{AD18FD9D-FC77-4B80-3DB4-E3AAF57A66C4}.Release|Any CPU.Build.0 = Release|Any CPU
	EndGlobalSection
	GlobalSection(SolutionProperties) = preSolution
		HideSolutionNode = FALSE
	EndGlobalSection
EndGlobal
